
Microsoft Visual Studio Solution File, Format Version 12.00
# Visual Studio Version 16
VisualStudioVersion = 16.0.29519.181
MinimumVisualStudioVersion = 10.0.40219.1
Project("{FAE04EC0-301F-11D3-BF4B-00C04F79EFBC}") = "Opengl", "Opengl\Opengl.csproj", "{B58D83B0-B7C0-4A35-A67E-B12202E0C608}"
EndProject
Global
	GlobalSection(SolutionConfigurationPlatforms) = preSolution
		Debug|Any CPU = Debug|Any CPU
		Release|Any CPU = Release|Any CPU
	EndGlobalSection
	GlobalSection(ProjectConfigurationPlatforms) = postSolution
		{B58D83B0-B7C0-4A35-A67E-B12202E0C608}.Debug|Any CPU.ActiveCfg = Debug|Any CPU
		{B58D83B0-B7C0-4A35-A67E-B12202E0C608}.Debug|Any CPU.Build.0 = Debug|Any CPU
		{B58D83B0-B7C0-4A35-A67E-B12202E0C608}.Release|Any CPU.ActiveCfg = Release|Any CPU
		{B58D83B0-B7C0-4A35-A67E-B12202E0C608}.Release|Any CPU.Build.0 = Release|Any CPU
	EndGlobalSection
	GlobalSection(SolutionProperties) = preSolution
		HideSolutionNode = FALSE
	EndGlobalSection
	GlobalSection(ExtensibilityGlobals) = postSolution
		SolutionGuid = {72F5A4EF-664A-4F04-BD5C-428499B16A83}
	EndGlobalSection
EndGlobal
